
Microsoft Visual Studio Solution File, Format Version 12.00
# Visual Studio Version 17
VisualStudioVersion = 17.2.32526.322
MinimumVisualStudioVersion = 10.0.40219.1
Project("{9A19103F-16F7-4668-BE54-9A1E7A4F7556}") = "ProjectManagementTool", "ProjectManagementTool\ProjectManagementTool.csproj", "{00DCBCE6-0350-4918-86EA-69DC28D1BAEB}"
	ProjectSection(ProjectDependencies) = postProject
		{23B57DDA-0732-4597-8942-7A0712DD9B9B} = {23B57DDA-0732-4597-8942-7A0712DD9B9B}
	EndProjectSection
EndProject
Project("{9A19103F-16F7-4668-BE54-9A1E7A4F7556}") = "ProjectManagementTool.DTOs", "ProjectManagementTool.DTOs\ProjectManagementTool.DTOs.csproj", "{23B57DDA-0732-4597-8942-7A0712DD9B9B}"
EndProject
Project("{9A19103F-16F7-4668-BE54-9A1E7A4F7556}") = "ProjectManagementTool.DAL", "ProjectManagementTool.DAL\ProjectManagementTool.DAL.csproj", "{E154D3A2-9592-4DB9-A60E-59B16807A55B}"
	ProjectSection(ProjectDependencies) = postProject
		{23B57DDA-0732-4597-8942-7A0712DD9B9B} = {23B57DDA-0732-4597-8942-7A0712DD9B9B}
	EndProjectSection
EndProject
Global
	GlobalSection(SolutionConfigurationPlatforms) = preSolution
		Debug|Any CPU = Debug|Any CPU
		Release|Any CPU = Release|Any CPU
	EndGlobalSection
	GlobalSection(ProjectConfigurationPlatforms) = postSolution
		{00DCBCE6-0350-4918-86EA-69DC28D1BAEB}.Debug|Any CPU.ActiveCfg = Debug|Any CPU
		{00DCBCE6-0350-4918-86EA-69DC28D1BAEB}.Debug|Any CPU.Build.0 = Debug|Any CPU
		{00DCBCE6-0350-4918-86EA-69DC28D1BAEB}.Release|Any CPU.ActiveCfg = Release|Any CPU
		{00DCBCE6-0350-4918-86EA-69DC28D1BAEB}.Release|Any CPU.Build.0 = Release|Any CPU
		{23B57DDA-0732-4597-8942-7A0712DD9B9B}.Debug|Any CPU.ActiveCfg = Debug|Any CPU
		{23B57DDA-0732-4597-8942-7A0712DD9B9B}.Debug|Any CPU.Build.0 = Debug|Any CPU
		{23B57DDA-0732-4597-8942-7A0712DD9B9B}.Release|Any CPU.ActiveCfg = Release|Any CPU
		{23B57DDA-0732-4597-8942-7A0712DD9B9B}.Release|Any CPU.Build.0 = Release|Any CPU
		{E154D3A2-9592-4DB9-A60E-59B16807A55B}.Debug|Any CPU.ActiveCfg = Debug|Any CPU
		{E154D3A2-9592-4DB9-A60E-59B16807A55B}.Debug|Any CPU.Build.0 = Debug|Any CPU
		{E154D3A2-9592-4DB9-A60E-59B16807A55B}.Release|Any CPU.ActiveCfg = Release|Any CPU
		{E154D3A2-9592-4DB9-A60E-59B16807A55B}.Release|Any CPU.Build.0 = Release|Any CPU
	EndGlobalSection
	GlobalSection(SolutionProperties) = preSolution
		HideSolutionNode = FALSE
	EndGlobalSection
	GlobalSection(ExtensibilityGlobals) = postSolution
		SolutionGuid = {5E08AC24-C14A-46FF-867F-E8AED3352E3A}
	EndGlobalSection
EndGlobal
